
Microsoft Visual Studio Solution File, Format Version 12.00
# Visual Studio 15
VisualStudioVersion = 15.0.28307.106
MinimumVisualStudioVersion = 10.0.40219.1
Project("{9A19103F-16F7-4668-BE54-9A1E7A4F7556}") = "FrameworkLab", "FrameworkLab.csproj", "{FD8725FF-BDD1-4C29-95D8-131D343D7A17}"
EndProject
Global
	GlobalSection(SolutionConfigurationPlatforms) = preSolution
		Debug|Any CPU = Debug|Any CPU
		Release|Any CPU = Release|Any CPU
	EndGlobalSection
	GlobalSection(ProjectConfigurationPlatforms) = postSolution
		{FD8725FF-BDD1-4C29-95D8-131D343D7A17}.Debug|Any CPU.ActiveCfg = Debug|Any CPU
		{FD8725FF-BDD1-4C29-95D8-131D343D7A17}.Debug|Any CPU.Build.0 = Debug|Any CPU
		{FD8725FF-BDD1-4C29-95D8-131D343D7A17}.Release|Any CPU.ActiveCfg = Release|Any CPU
		{FD8725FF-BDD1-4C29-95D8-131D343D7A17}.Release|Any CPU.Build.0 = Release|Any CPU
	EndGlobalSection
	GlobalSection(SolutionProperties) = preSolution
		HideSolutionNode = FALSE
	EndGlobalSection
	GlobalSection(ExtensibilityGlobals) = postSolution
		SolutionGuid = {5528C47A-A15C-4A7B-8892-CB4B2596B1F8}
	EndGlobalSection
EndGlobal
